
Microsoft Visual Studio Solution File, Format Version 12.00
# Visual Studio Version 16
VisualStudioVersion = 16.0.31911.196
MinimumVisualStudioVersion = 10.0.40219.1
Project("{8BC9CEB8-8B4A-11D0-8D11-00A0C91BC942}") = "CS300_Vector_Sorting", "CS300_Vector_Sorting.vcxproj", "{C0BB3695-04FC-4EEE-BA84-F94705622357}"
EndProject
Global
	GlobalSection(SolutionConfigurationPlatforms) = preSolution
		Debug|x64 = Debug|x64
		Debug|x86 = Debug|x86
		Release|x64 = Release|x64
		Release|x86 = Release|x86
	EndGlobalSection
	GlobalSection(ProjectConfigurationPlatforms) = postSolution
		{C0BB3695-04FC-4EEE-BA84-F94705622357}.Debug|x64.ActiveCfg = Debug|x64
		{C0BB3695-04FC-4EEE-BA84-F94705622357}.Debug|x64.Build.0 = Debug|x64
		{C0BB3695-04FC-4EEE-BA84-F94705622357}.Debug|x86.ActiveCfg = Debug|Win32
		{C0BB3695-04FC-4EEE-BA84-F94705622357}.Debug|x86.Build.0 = Debug|Win32
		{C0BB3695-04FC-4EEE-BA84-F94705622357}.Release|x64.ActiveCfg = Release|x64
		{C0BB3695-04FC-4EEE-BA84-F94705622357}.Release|x64.Build.0 = Release|x64
		{C0BB3695-04FC-4EEE-BA84-F94705622357}.Release|x86.ActiveCfg = Release|Win32
		{C0BB3695-04FC-4EEE-BA84-F94705622357}.Release|x86.Build.0 = Release|Win32
	EndGlobalSection
	GlobalSection(SolutionProperties) = preSolution
		HideSolutionNode = FALSE
	EndGlobalSection
	GlobalSection(ExtensibilityGlobals) = postSolution
		SolutionGuid = {53ED60DC-E74A-4EC1-B1F6-F7E011EA04F0}
	EndGlobalSection
EndGlobal
